
Microsoft Visual Studio Solution File, Format Version 12.00
# Visual Studio Version 16
VisualStudioVersion = 16.0.30225.117
MinimumVisualStudioVersion = 15.0.26124.0
Project("{9A19103F-16F7-4668-BE54-9A1E7A4F7556}") = "Payroll.Domains", "src\Payroll.Domains\Payroll.Domains.csproj", "{D80FAE42-CC18-45FE-8F48-606014955DBF}"
EndProject
Project("{9A19103F-16F7-4668-BE54-9A1E7A4F7556}") = "Payroll.IConnections", "src\Payroll.IConnections\Payroll.IConnections.csproj", "{037E2BA4-1A1D-4E52-8E6E-C1E43640740D}"
EndProject
Project("{9A19103F-16F7-4668-BE54-9A1E7A4F7556}") = "Payroll.Connections", "src\Payroll.Connections\Payroll.Connections.csproj", "{DC20E73D-B5A4-4D6E-90ED-AE8F1A937A1B}"
EndProject
Project("{2150E333-8FDC-42A3-9474-1A3956D46DE8}") = "00-Models", "00-Models", "{EBDD230B-D795-4F23-A847-9AC49B8745CB}"
EndProject
Project("{2150E333-8FDC-42A3-9474-1A3956D46DE8}") = "01-Connections", "01-Connections", "{907BFA87-5553-4FAE-8DA3-7D6DEF07B124}"
EndProject
Project("{2150E333-8FDC-42A3-9474-1A3956D46DE8}") = "06-Frameworks", "06-Frameworks", "{B3AEF294-A5BF-47AA-AB9E-318FFE6E445C}"
EndProject
Project("{2150E333-8FDC-42A3-9474-1A3956D46DE8}") = "063-BaseAdhocs", "063-BaseAdhocs", "{890DC9F6-65B7-4110-952A-01FF4118044C}"
EndProject
Project("{9A19103F-16F7-4668-BE54-9A1E7A4F7556}") = "Payroll.IBaseAdhocs", "src\Payroll.IBaseAdhocs\Payroll.IBaseAdhocs.csproj", "{38FAEAB1-E35D-4A6E-B3F0-0CA58FBE938B}"
EndProject
Project("{2150E333-8FDC-42A3-9474-1A3956D46DE8}") = "02-UnitOFWorks", "02-UnitOFWorks", "{CD5E2194-2996-4623-9B9F-BC12660B4F94}"
EndProject
Project("{FAE04EC0-301F-11D3-BF4B-00C04F79EFBC}") = "Payroll.IUnitOfWorks", "src\Payroll.IUnitOfWorks\Payroll.IUnitOfWorks.csproj", "{F0FECC9C-65DB-4E80-8CB2-01432797C3C1}"
EndProject
Project("{FAE04EC0-301F-11D3-BF4B-00C04F79EFBC}") = "Payroll.UnitOfWorks", "src\Payroll.UnitOfWorks\Payroll.UnitOfWorks.csproj", "{82C0F705-3071-4DA6-8798-D3895112E099}"
EndProject
Project("{2150E333-8FDC-42A3-9474-1A3956D46DE8}") = "03-Repositories", "03-Repositories", "{F5F06650-A765-453E-9D38-32BEB59B9D55}"
EndProject
Project("{FAE04EC0-301F-11D3-BF4B-00C04F79EFBC}") = "Payroll.IRepositories", "src\Payroll.IRepositories\Payroll.IRepositories.csproj", "{7D41B184-D365-49C9-BA94-4FDD862445CC}"
EndProject
Global
	GlobalSection(SolutionConfigurationPlatforms) = preSolution
		Debug|Any CPU = Debug|Any CPU
		Debug|x64 = Debug|x64
		Debug|x86 = Debug|x86
		Release|Any CPU = Release|Any CPU
		Release|x64 = Release|x64
		Release|x86 = Release|x86
	EndGlobalSection
	GlobalSection(ProjectConfigurationPlatforms) = postSolution
		{D80FAE42-CC18-45FE-8F48-606014955DBF}.Debug|Any CPU.ActiveCfg = Debug|Any CPU
		{D80FAE42-CC18-45FE-8F48-606014955DBF}.Debug|Any CPU.Build.0 = Debug|Any CPU
		{D80FAE42-CC18-45FE-8F48-606014955DBF}.Debug|x64.ActiveCfg = Debug|Any CPU
		{D80FAE42-CC18-45FE-8F48-606014955DBF}.Debug|x64.Build.0 = Debug|Any CPU
		{D80FAE42-CC18-45FE-8F48-606014955DBF}.Debug|x86.ActiveCfg = Debug|Any CPU
		{D80FAE42-CC18-45FE-8F48-606014955DBF}.Debug|x86.Build.0 = Debug|Any CPU
		{D80FAE42-CC18-45FE-8F48-606014955DBF}.Release|Any CPU.ActiveCfg = Release|Any CPU
		{D80FAE42-CC18-45FE-8F48-606014955DBF}.Release|Any CPU.Build.0 = Release|Any CPU
		{D80FAE42-CC18-45FE-8F48-606014955DBF}.Release|x64.ActiveCfg = Release|Any CPU
		{D80FAE42-CC18-45FE-8F48-606014955DBF}.Release|x64.Build.0 = Release|Any CPU
		{D80FAE42-CC18-45FE-8F48-606014955DBF}.Release|x86.ActiveCfg = Release|Any CPU
		{D80FAE42-CC18-45FE-8F48-606014955DBF}.Release|x86.Build.0 = Release|Any CPU
		{037E2BA4-1A1D-4E52-8E6E-C1E43640740D}.Debug|Any CPU.ActiveCfg = Debug|Any CPU
		{037E2BA4-1A1D-4E52-8E6E-C1E43640740D}.Debug|Any CPU.Build.0 = Debug|Any CPU
		{037E2BA4-1A1D-4E52-8E6E-C1E43640740D}.Debug|x64.ActiveCfg = Debug|Any CPU
		{037E2BA4-1A1D-4E52-8E6E-C1E43640740D}.Debug|x64.Build.0 = Debug|Any CPU
		{037E2BA4-1A1D-4E52-8E6E-C1E43640740D}.Debug|x86.ActiveCfg = Debug|Any CPU
		{037E2BA4-1A1D-4E52-8E6E-C1E43640740D}.Debug|x86.Build.0 = Debug|Any CPU
		{037E2BA4-1A1D-4E52-8E6E-C1E43640740D}.Release|Any CPU.ActiveCfg = Release|Any CPU
		{037E2BA4-1A1D-4E52-8E6E-C1E43640740D}.Release|Any CPU.Build.0 = Release|Any CPU
		{037E2BA4-1A1D-4E52-8E6E-C1E43640740D}.Release|x64.ActiveCfg = Release|Any CPU
		{037E2BA4-1A1D-4E52-8E6E-C1E43640740D}.Release|x64.Build.0 = Release|Any CPU
		{037E2BA4-1A1D-4E52-8E6E-C1E43640740D}.Release|x86.ActiveCfg = Release|Any CPU
		{037E2BA4-1A1D-4E52-8E6E-C1E43640740D}.Release|x86.Build.0 = Release|Any CPU
		{DC20E73D-B5A4-4D6E-90ED-AE8F1A937A1B}.Debug|Any CPU.ActiveCfg = Debug|Any CPU
		{DC20E73D-B5A4-4D6E-90ED-AE8F1A937A1B}.Debug|Any CPU.Build.0 = Debug|Any CPU
		{DC20E73D-B5A4-4D6E-90ED-AE8F1A937A1B}.Debug|x64.ActiveCfg = Debug|Any CPU
		{DC20E73D-B5A4-4D6E-90ED-AE8F1A937A1B}.Debug|x64.Build.0 = Debug|Any CPU
		{DC20E73D-B5A4-4D6E-90ED-AE8F1A937A1B}.Debug|x86.ActiveCfg = Debug|Any CPU
		{DC20E73D-B5A4-4D6E-90ED-AE8F1A937A1B}.Debug|x86.Build.0 = Debug|Any CPU
		{DC20E73D-B5A4-4D6E-90ED-AE8F1A937A1B}.Release|Any CPU.ActiveCfg = Release|Any CPU
		{DC20E73D-B5A4-4D6E-90ED-AE8F1A937A1B}.Release|Any CPU.Build.0 = Release|Any CPU
		{DC20E73D-B5A4-4D6E-90ED-AE8F1A937A1B}.Release|x64.ActiveCfg = Release|Any CPU
		{DC20E73D-B5A4-4D6E-90ED-AE8F1A937A1B}.Release|x64.Build.0 = Release|Any CPU
		{DC20E73D-B5A4-4D6E-90ED-AE8F1A937A1B}.Release|x86.ActiveCfg = Release|Any CPU
		{DC20E73D-B5A4-4D6E-90ED-AE8F1A937A1B}.Release|x86.Build.0 = Release|Any CPU
		{38FAEAB1-E35D-4A6E-B3F0-0CA58FBE938B}.Debug|Any CPU.ActiveCfg = Debug|Any CPU
		{38FAEAB1-E35D-4A6E-B3F0-0CA58FBE938B}.Debug|Any CPU.Build.0 = Debug|Any CPU
		{38FAEAB1-E35D-4A6E-B3F0-0CA58FBE938B}.Debug|x64.ActiveCfg = Debug|Any CPU
		{38FAEAB1-E35D-4A6E-B3F0-0CA58FBE938B}.Debug|x64.Build.0 = Debug|Any CPU
		{38FAEAB1-E35D-4A6E-B3F0-0CA58FBE938B}.Debug|x86.ActiveCfg = Debug|Any CPU
		{38FAEAB1-E35D-4A6E-B3F0-0CA58FBE938B}.Debug|x86.Build.0 = Debug|Any CPU
		{38FAEAB1-E35D-4A6E-B3F0-0CA58FBE938B}.Release|Any CPU.ActiveCfg = Release|Any CPU
		{38FAEAB1-E35D-4A6E-B3F0-0CA58FBE938B}.Release|Any CPU.Build.0 = Release|Any CPU
		{38FAEAB1-E35D-4A6E-B3F0-0CA58FBE938B}.Release|x64.ActiveCfg = Release|Any CPU
		{38FAEAB1-E35D-4A6E-B3F0-0CA58FBE938B}.Release|x64.Build.0 = Release|Any CPU
		{38FAEAB1-E35D-4A6E-B3F0-0CA58FBE938B}.Release|x86.ActiveCfg = Release|Any CPU
		{38FAEAB1-E35D-4A6E-B3F0-0CA58FBE938B}.Release|x86.Build.0 = Release|Any CPU
		{F0FECC9C-65DB-4E80-8CB2-01432797C3C1}.Debug|Any CPU.ActiveCfg = Debug|Any CPU
		{F0FECC9C-65DB-4E80-8CB2-01432797C3C1}.Debug|Any CPU.Build.0 = Debug|Any CPU
		{F0FECC9C-65DB-4E80-8CB2-01432797C3C1}.Debug|x64.ActiveCfg = Debug|Any CPU
		{F0FECC9C-65DB-4E80-8CB2-01432797C3C1}.Debug|x64.Build.0 = Debug|Any CPU
		{F0FECC9C-65DB-4E80-8CB2-01432797C3C1}.Debug|x86.ActiveCfg = Debug|Any CPU
		{F0FECC9C-65DB-4E80-8CB2-01432797C3C1}.Debug|x86.Build.0 = Debug|Any CPU
		{F0FECC9C-65DB-4E80-8CB2-01432797C3C1}.Release|Any CPU.ActiveCfg = Release|Any CPU
		{F0FECC9C-65DB-4E80-8CB2-01432797C3C1}.Release|Any CPU.Build.0 = Release|Any CPU
		{F0FECC9C-65DB-4E80-8CB2-01432797C3C1}.Release|x64.ActiveCfg = Release|Any CPU
		{F0FECC9C-65DB-4E80-8CB2-01432797C3C1}.Release|x64.Build.0 = Release|Any CPU
		{F0FECC9C-65DB-4E80-8CB2-01432797C3C1}.Release|x86.ActiveCfg = Release|Any CPU
		{F0FECC9C-65DB-4E80-8CB2-01432797C3C1}.Release|x86.Build.0 = Release|Any CPU
		{82C0F705-3071-4DA6-8798-D3895112E099}.Debug|Any CPU.ActiveCfg = Debug|Any CPU
		{82C0F705-3071-4DA6-8798-D3895112E099}.Debug|Any CPU.Build.0 = Debug|Any CPU
		{82C0F705-3071-4DA6-8798-D3895112E099}.Debug|x64.ActiveCfg = Debug|Any CPU
		{82C0F705-3071-4DA6-8798-D3895112E099}.Debug|x64.Build.0 = Debug|Any CPU
		{82C0F705-3071-4DA6-8798-D3895112E099}.Debug|x86.ActiveCfg = Debug|Any CPU
		{82C0F705-3071-4DA6-8798-D3895112E099}.Debug|x86.Build.0 = Debug|Any CPU
		{82C0F705-3071-4DA6-8798-D3895112E099}.Release|Any CPU.ActiveCfg = Release|Any CPU
		{82C0F705-3071-4DA6-8798-D3895112E099}.Release|Any CPU.Build.0 = Release|Any CPU
		{82C0F705-3071-4DA6-8798-D3895112E099}.Release|x64.ActiveCfg = Release|Any CPU
		{82C0F705-3071-4DA6-8798-D3895112E099}.Release|x64.Build.0 = Release|Any CPU
		{82C0F705-3071-4DA6-8798-D3895112E099}.Release|x86.ActiveCfg = Release|Any CPU
		{82C0F705-3071-4DA6-8798-D3895112E099}.Release|x86.Build.0 = Release|Any CPU
		{7D41B184-D365-49C9-BA94-4FDD862445CC}.Debug|Any CPU.ActiveCfg = Debug|Any CPU
		{7D41B184-D365-49C9-BA94-4FDD862445CC}.Debug|Any CPU.Build.0 = Debug|Any CPU
		{7D41B184-D365-49C9-BA94-4FDD862445CC}.Debug|x64.ActiveCfg = Debug|Any CPU
		{7D41B184-D365-49C9-BA94-4FDD862445CC}.Debug|x64.Build.0 = Debug|Any CPU
		{7D41B184-D365-49C9-BA94-4FDD862445CC}.Debug|x86.ActiveCfg = Debug|Any CPU
		{7D41B184-D365-49C9-BA94-4FDD862445CC}.Debug|x86.Build.0 = Debug|Any CPU
		{7D41B184-D365-49C9-BA94-4FDD862445CC}.Release|Any CPU.ActiveCfg = Release|Any CPU
		{7D41B184-D365-49C9-BA94-4FDD862445CC}.Release|Any CPU.Build.0 = Release|Any CPU
		{7D41B184-D365-49C9-BA94-4FDD862445CC}.Release|x64.ActiveCfg = Release|Any CPU
		{7D41B184-D365-49C9-BA94-4FDD862445CC}.Release|x64.Build.0 = Release|Any CPU
		{7D41B184-D365-49C9-BA94-4FDD862445CC}.Release|x86.ActiveCfg = Release|Any CPU
		{7D41B184-D365-49C9-BA94-4FDD862445CC}.Release|x86.Build.0 = Release|Any CPU
	EndGlobalSection
	GlobalSection(SolutionProperties) = preSolution
		HideSolutionNode = FALSE
	EndGlobalSection
	GlobalSection(NestedProjects) = preSolution
		{D80FAE42-CC18-45FE-8F48-606014955DBF} = {EBDD230B-D795-4F23-A847-9AC49B8745CB}
		{037E2BA4-1A1D-4E52-8E6E-C1E43640740D} = {907BFA87-5553-4FAE-8DA3-7D6DEF07B124}
		{DC20E73D-B5A4-4D6E-90ED-AE8F1A937A1B} = {907BFA87-5553-4FAE-8DA3-7D6DEF07B124}
		{890DC9F6-65B7-4110-952A-01FF4118044C} = {B3AEF294-A5BF-47AA-AB9E-318FFE6E445C}
		{38FAEAB1-E35D-4A6E-B3F0-0CA58FBE938B} = {890DC9F6-65B7-4110-952A-01FF4118044C}
		{F0FECC9C-65DB-4E80-8CB2-01432797C3C1} = {CD5E2194-2996-4623-9B9F-BC12660B4F94}
		{82C0F705-3071-4DA6-8798-D3895112E099} = {CD5E2194-2996-4623-9B9F-BC12660B4F94}
		{7D41B184-D365-49C9-BA94-4FDD862445CC} = {F5F06650-A765-453E-9D38-32BEB59B9D55}
	EndGlobalSection
	GlobalSection(ExtensibilityGlobals) = postSolution
		SolutionGuid = {351D2CFB-4EE4-406E-834C-6887E593175D}
	EndGlobalSection
EndGlobal
